// !$*UTF8*$!
{
	archiveVersion = 1;
	classes = {
	};
	objectVersion = 46;
	objects = {

/* Begin PBXBuildFile section */
		ED3650111D7AFA6D00A6383B /* AppDelegate.m in Sources */ = {isa = PBXBuildFile; fileRef = ED3650101D7AFA6D00A6383B /* AppDelegate.m */; };
		ED3650141D7AFA6D00A6383B /* main.m in Sources */ = {isa = PBXBuildFile; fileRef = ED3650131D7AFA6D00A6383B /* main.m */; };
		ED3650161D7AFA6D00A6383B /* Assets.xcassets in Resources */ = {isa = PBXBuildFile; fileRef = ED3650151D7AFA6D00A6383B /* Assets.xcassets */; };
		ED3650281D7AFADA00A6383B /* 48.rom in Resources */ = {isa = PBXBuildFile; fileRef = ED3650271D7AFADA00A6383B /* 48.rom */; };
		ED3650381D7AFAE400A6383B /* Z80Core.cpp in Sources */ = {isa = PBXBuildFile; fileRef = ED36502A1D7AFAE400A6383B /* Z80Core.cpp */; };
		ED3650391D7AFAE400A6383B /* Z80Core_MainOpcodes.cpp in Sources */ = {isa = PBXBuildFile; fileRef = ED36502D1D7AFAE400A6383B /* Z80Core_MainOpcodes.cpp */; };
		ED36503A1D7AFAE400A6383B /* Z80Core_CBOpcodes.cpp in Sources */ = {isa = PBXBuildFile; fileRef = ED36502F1D7AFAE400A6383B /* Z80Core_CBOpcodes.cpp */; };
		ED36503B1D7AFAE400A6383B /* Z80Core_EDOpcodes.cpp in Sources */ = {isa = PBXBuildFile; fileRef = ED3650311D7AFAE400A6383B /* Z80Core_EDOpcodes.cpp */; };
		ED36503C1D7AFAE400A6383B /* Z80Core_DDOpcodes.cpp in Sources */ = {isa = PBXBuildFile; fileRef = ED3650331D7AFAE400A6383B /* Z80Core_DDOpcodes.cpp */; };
		ED36503D1D7AFAE400A6383B /* Z80Core_FDOpcodes.cpp in Sources */ = {isa = PBXBuildFile; fileRef = ED3650351D7AFAE400A6383B /* Z80Core_FDOpcodes.cpp */; };
		ED36503E1D7AFAE400A6383B /* Z80Core_DDCB_FDCBOpcodes.cpp in Sources */ = {isa = PBXBuildFile; fileRef = ED3650371D7AFAE400A6383B /* Z80Core_DDCB_FDCBOpcodes.cpp */; };
		ED3650411D7AFAF000A6383B /* ZXSpectrum48.mm in Sources */ = {isa = PBXBuildFile; fileRef = ED3650401D7AFAF000A6383B /* ZXSpectrum48.mm */; };
		ED3650461D7AFB6B00A6383B /* EmulationViewController.m in Sources */ = {isa = PBXBuildFile; fileRef = ED3650441D7AFB6B00A6383B /* EmulationViewController.m */; };
		ED3650471D7AFB6B00A6383B /* EmulationViewController.xib in Resources */ = {isa = PBXBuildFile; fileRef = ED3650451D7AFB6B00A6383B /* EmulationViewController.xib */; };
		ED3650491D7B116E00A6383B /* QuartzCore.framework in Frameworks */ = {isa = PBXBuildFile; fileRef = ED3650481D7B116E00A6383B /* QuartzCore.framework */; };
		ED36504D1D7B21C900A6383B /* EmuApplication.m in Sources */ = {isa = PBXBuildFile; fileRef = ED36504C1D7B21C900A6383B /* EmuApplication.m */; };
		ED3650511D7B2C0700A6383B /* AudioCore.m in Sources */ = {isa = PBXBuildFile; fileRef = ED3650501D7B2C0700A6383B /* AudioCore.m */; };
		ED3801531D8ADE4600C9E78B /* AudioQueue.m in Sources */ = {isa = PBXBuildFile; fileRef = ED3801521D8ADE4600C9E78B /* AudioQueue.m */; };
		ED5A32C21D903DDD00BD2327 /* beep.sna in Resources */ = {isa = PBXBuildFile; fileRef = ED5A32C11D903DDD00BD2327 /* beep.sna */; };
		ED5A32C51D90652100BD2327 /* MainMenu.xib in Resources */ = {isa = PBXBuildFile; fileRef = ED5A32C31D90652100BD2327 /* MainMenu.xib */; };
		ED740B721D9A84440016DFF4 /* ulatest48k.sna in Resources */ = {isa = PBXBuildFile; fileRef = ED740B711D9A84440016DFF4 /* ulatest48k.sna */; };
		ED740B741D9AD13A0016DFF4 /* ZXSpectrum48k.rom in Resources */ = {isa = PBXBuildFile; fileRef = ED740B731D9AD13A0016DFF4 /* ZXSpectrum48k.rom */; };
		EDAA47171D941E1300F3CE0D /* test1.sna in Resources */ = {isa = PBXBuildFile; fileRef = EDAA47161D941E1300F3CE0D /* test1.sna */; };
		EDAD7B4E1D9D86EF00C04D7A /* shock.sna in Resources */ = {isa = PBXBuildFile; fileRef = EDAD7B4D1D9D86EF00C04D7A /* shock.sna */; };
/* End PBXBuildFile section */

/* Begin PBXFileReference section */
		ED36500C1D7AFA6D00A6383B /* SpectREM.app */ = {isa = PBXFileReference; explicitFileType = wrapper.application; includeInIndex = 0; path = SpectREM.app; sourceTree = BUILT_PRODUCTS_DIR; };
		ED36500F1D7AFA6D00A6383B /* AppDelegate.h */ = {isa = PBXFileReference; lastKnownFileType = sourcecode.c.h; path = AppDelegate.h; sourceTree = "<group>"; };
		ED3650101D7AFA6D00A6383B /* AppDelegate.m */ = {isa = PBXFileReference; lastKnownFileType = sourcecode.c.objc; path = AppDelegate.m; sourceTree = "<group>"; };
		ED3650131D7AFA6D00A6383B /* main.m */ = {isa = PBXFileReference; lastKnownFileType = sourcecode.c.objc; path = main.m; sourceTree = "<group>"; };
		ED3650151D7AFA6D00A6383B /* Assets.xcassets */ = {isa = PBXFileReference; lastKnownFileType = folder.assetcatalog; path = Assets.xcassets; sourceTree = "<group>"; };
		ED36501A1D7AFA6D00A6383B /* Info.plist */ = {isa = PBXFileReference; lastKnownFileType = text.plist.xml; path = Info.plist; sourceTree = "<group>"; };
		ED3650271D7AFADA00A6383B /* 48.rom */ = {isa = PBXFileReference; lastKnownFileType = file; path = 48.rom; sourceTree = "<group>"; };
		ED3650291D7AFAE400A6383B /* Z80Core.h */ = {isa = PBXFileReference; fileEncoding = 4; lastKnownFileType = sourcecode.c.h; path = Z80Core.h; sourceTree = "<group>"; };
		ED36502A1D7AFAE400A6383B /* Z80Core.cpp */ = {isa = PBXFileReference; fileEncoding = 4; lastKnownFileType = sourcecode.cpp.cpp; path = Z80Core.cpp; sourceTree = "<group>"; };
		ED36502B1D7AFAE400A6383B /* Z80CoreOpcodeTables.h */ = {isa = PBXFileReference; fileEncoding = 4; lastKnownFileType = sourcecode.c.h; path = Z80CoreOpcodeTables.h; sourceTree = "<group>"; };
		ED36502C1D7AFAE400A6383B /* Z80Core_MainOpcodes.h */ = {isa = PBXFileReference; fileEncoding = 4; lastKnownFileType = sourcecode.c.h; path = Z80Core_MainOpcodes.h; sourceTree = "<group>"; };
		ED36502D1D7AFAE400A6383B /* Z80Core_MainOpcodes.cpp */ = {isa = PBXFileReference; fileEncoding = 4; lastKnownFileType = sourcecode.cpp.cpp; path = Z80Core_MainOpcodes.cpp; sourceTree = "<group>"; };
		ED36502E1D7AFAE400A6383B /* Z80Core_CBOpcodes.h */ = {isa = PBXFileReference; fileEncoding = 4; lastKnownFileType = sourcecode.c.h; path = Z80Core_CBOpcodes.h; sourceTree = "<group>"; };
		ED36502F1D7AFAE400A6383B /* Z80Core_CBOpcodes.cpp */ = {isa = PBXFileReference; fileEncoding = 4; lastKnownFileType = sourcecode.cpp.cpp; path = Z80Core_CBOpcodes.cpp; sourceTree = "<group>"; };
		ED3650301D7AFAE400A6383B /* Z80Core_EDOpcodes.h */ = {isa = PBXFileReference; fileEncoding = 4; lastKnownFileType = sourcecode.c.h; path = Z80Core_EDOpcodes.h; sourceTree = "<group>"; };
		ED3650311D7AFAE400A6383B /* Z80Core_EDOpcodes.cpp */ = {isa = PBXFileReference; fileEncoding = 4; lastKnownFileType = sourcecode.cpp.cpp; path = Z80Core_EDOpcodes.cpp; sourceTree = "<group>"; };
		ED3650321D7AFAE400A6383B /* Z80Core_DDOpcodes.h */ = {isa = PBXFileReference; fileEncoding = 4; lastKnownFileType = sourcecode.c.h; path = Z80Core_DDOpcodes.h; sourceTree = "<group>"; };
		ED3650331D7AFAE400A6383B /* Z80Core_DDOpcodes.cpp */ = {isa = PBXFileReference; fileEncoding = 4; lastKnownFileType = sourcecode.cpp.cpp; path = Z80Core_DDOpcodes.cpp; sourceTree = "<group>"; };
		ED3650341D7AFAE400A6383B /* Z80Core_FDOpcodes.h */ = {isa = PBXFileReference; fileEncoding = 4; lastKnownFileType = sourcecode.c.h; path = Z80Core_FDOpcodes.h; sourceTree = "<group>"; };
		ED3650351D7AFAE400A6383B /* Z80Core_FDOpcodes.cpp */ = {isa = PBXFileReference; fileEncoding = 4; lastKnownFileType = sourcecode.cpp.cpp; path = Z80Core_FDOpcodes.cpp; sourceTree = "<group>"; };
		ED3650361D7AFAE400A6383B /* Z80Core_DDCB_FDCBOpcodes.h */ = {isa = PBXFileReference; fileEncoding = 4; lastKnownFileType = sourcecode.c.h; path = Z80Core_DDCB_FDCBOpcodes.h; sourceTree = "<group>"; };
		ED3650371D7AFAE400A6383B /* Z80Core_DDCB_FDCBOpcodes.cpp */ = {isa = PBXFileReference; fileEncoding = 4; lastKnownFileType = sourcecode.cpp.cpp; path = Z80Core_DDCB_FDCBOpcodes.cpp; sourceTree = "<group>"; };
		ED36503F1D7AFAF000A6383B /* ZXSpectrum48.h */ = {isa = PBXFileReference; fileEncoding = 4; lastKnownFileType = sourcecode.c.h; path = ZXSpectrum48.h; sourceTree = "<group>"; };
		ED3650401D7AFAF000A6383B /* ZXSpectrum48.mm */ = {isa = PBXFileReference; fileEncoding = 4; lastKnownFileType = sourcecode.cpp.objcpp; path = ZXSpectrum48.mm; sourceTree = "<group>"; };
		ED3650421D7AFB4000A6383B /* ViewEventProtocol.h */ = {isa = PBXFileReference; fileEncoding = 4; lastKnownFileType = sourcecode.c.h; path = ViewEventProtocol.h; sourceTree = "<group>"; };
		ED3650431D7AFB6B00A6383B /* EmulationViewController.h */ = {isa = PBXFileReference; fileEncoding = 4; lastKnownFileType = sourcecode.c.h; path = EmulationViewController.h; sourceTree = "<group>"; };
		ED3650441D7AFB6B00A6383B /* EmulationViewController.m */ = {isa = PBXFileReference; fileEncoding = 4; lastKnownFileType = sourcecode.c.objc; path = EmulationViewController.m; sourceTree = "<group>"; };
		ED3650451D7AFB6B00A6383B /* EmulationViewController.xib */ = {isa = PBXFileReference; fileEncoding = 4; lastKnownFileType = file.xib; path = EmulationViewController.xib; sourceTree = "<group>"; };
		ED3650481D7B116E00A6383B /* QuartzCore.framework */ = {isa = PBXFileReference; lastKnownFileType = wrapper.framework; name = QuartzCore.framework; path = System/Library/Frameworks/QuartzCore.framework; sourceTree = SDKROOT; };
		ED36504B1D7B21C900A6383B /* EmuApplication.h */ = {isa = PBXFileReference; fileEncoding = 4; lastKnownFileType = sourcecode.c.h; path = EmuApplication.h; sourceTree = "<group>"; };
		ED36504C1D7B21C900A6383B /* EmuApplication.m */ = {isa = PBXFileReference; fileEncoding = 4; lastKnownFileType = sourcecode.c.objc; path = EmuApplication.m; sourceTree = "<group>"; };
		ED36504F1D7B2C0700A6383B /* AudioCore.h */ = {isa = PBXFileReference; fileEncoding = 4; lastKnownFileType = sourcecode.c.h; path = AudioCore.h; sourceTree = "<group>"; };
		ED3650501D7B2C0700A6383B /* AudioCore.m */ = {isa = PBXFileReference; fileEncoding = 4; lastKnownFileType = sourcecode.c.objc; path = AudioCore.m; sourceTree = "<group>"; };
		ED3801511D8ADE4600C9E78B /* AudioQueue.h */ = {isa = PBXFileReference; fileEncoding = 4; lastKnownFileType = sourcecode.c.h; path = AudioQueue.h; sourceTree = "<group>"; };
		ED3801521D8ADE4600C9E78B /* AudioQueue.m */ = {isa = PBXFileReference; fileEncoding = 4; lastKnownFileType = sourcecode.c.objc; path = AudioQueue.m; sourceTree = "<group>"; };
		ED438AF81D9146440027B295 /* KeyboardMatrix.h */ = {isa = PBXFileReference; fileEncoding = 4; lastKnownFileType = sourcecode.c.h; path = KeyboardMatrix.h; sourceTree = "<group>"; };
		ED5A32C11D903DDD00BD2327 /* beep.sna */ = {isa = PBXFileReference; lastKnownFileType = file; path = beep.sna; sourceTree = "<group>"; };
		ED5A32C41D90652100BD2327 /* Base */ = {isa = PBXFileReference; lastKnownFileType = file.xib; name = Base; path = Base.lproj/MainMenu.xib; sourceTree = "<group>"; };
		ED740B711D9A84440016DFF4 /* ulatest48k.sna */ = {isa = PBXFileReference; lastKnownFileType = file; path = ulatest48k.sna; sourceTree = "<group>"; };
		ED740B731D9AD13A0016DFF4 /* ZXSpectrum48k.rom */ = {isa = PBXFileReference; lastKnownFileType = file; path = ZXSpectrum48k.rom; sourceTree = "<group>"; };
		ED740B751D9BAA5E0016DFF4 /* ZXRetroEmulator.entitlements */ = {isa = PBXFileReference; lastKnownFileType = text.plist.entitlements; name = ZXRetroEmulator.entitlements; path = ZXRetroEmulator/ZXRetroEmulator.entitlements; sourceTree = "<group>"; };
		EDAA47161D941E1300F3CE0D /* test1.sna */ = {isa = PBXFileReference; lastKnownFileType = file; path = test1.sna; sourceTree = "<group>"; };
		EDAD7B4D1D9D86EF00C04D7A /* shock.sna */ = {isa = PBXFileReference; lastKnownFileType = file; path = shock.sna; sourceTree = "<group>"; };
/* End PBXFileReference section */

/* Begin PBXFrameworksBuildPhase section */
		ED3650091D7AFA6D00A6383B /* Frameworks */ = {
			isa = PBXFrameworksBuildPhase;
			buildActionMask = 2147483647;
			files = (
				ED3650491D7B116E00A6383B /* QuartzCore.framework in Frameworks */,
			);
			runOnlyForDeploymentPostprocessing = 0;
		};
/* End PBXFrameworksBuildPhase section */

/* Begin PBXGroup section */
		ED3650031D7AFA6D00A6383B = {
			isa = PBXGroup;
			children = (
				EDE6EA401DA119DF00F4AD64 /* Entitlements */,
				ED36500E1D7AFA6D00A6383B /* SpectREM */,
				ED36500D1D7AFA6D00A6383B /* Products */,
				EDE6EA411DA119FD00F4AD64 /* Frameworks */,
			);
			sourceTree = "<group>";
		};
		ED36500D1D7AFA6D00A6383B /* Products */ = {
			isa = PBXGroup;
			children = (
				ED36500C1D7AFA6D00A6383B /* SpectREM.app */,
			);
			name = Products;
			sourceTree = "<group>";
		};
		ED36500E1D7AFA6D00A6383B /* SpectREM */ = {
			isa = PBXGroup;
			children = (
				ED36504A1D7B21B100A6383B /* EmuApplication */,
				ED3650201D7AFA7800A6383B /* ROMS */,
				ED3650211D7AFA8800A6383B /* Z80 Core */,
				ED3650231D7AFA9F00A6383B /* UI */,
				ED3650241D7AFAA500A6383B /* View Controllers */,
				ED3650251D7AFAB200A6383B /* App Delegate */,
				ED36504E1D7B2BE900A6383B /* Audio Core */,
				ED3650261D7AFAC000A6383B /* Machines */,
				ED3650221D7AFA9400A6383B /* Assets */,
				ED3650121D7AFA6D00A6383B /* Supporting Files */,
			);
			name = SpectREM;
			path = ZXRetroEmulator;
			sourceTree = "<group>";
		};
		ED3650121D7AFA6D00A6383B /* Supporting Files */ = {
			isa = PBXGroup;
			children = (
				ED36501A1D7AFA6D00A6383B /* Info.plist */,
				ED3650131D7AFA6D00A6383B /* main.m */,
			);
			name = "Supporting Files";
			sourceTree = "<group>";
		};
		ED3650201D7AFA7800A6383B /* ROMS */ = {
			isa = PBXGroup;
			children = (
				EDAA47161D941E1300F3CE0D /* test1.sna */,
				ED5A32C11D903DDD00BD2327 /* beep.sna */,
				ED3650271D7AFADA00A6383B /* 48.rom */,
				ED740B731D9AD13A0016DFF4 /* ZXSpectrum48k.rom */,
				EDAD7B4D1D9D86EF00C04D7A /* shock.sna */,
				ED740B711D9A84440016DFF4 /* ulatest48k.sna */,
			);
			name = ROMS;
			sourceTree = "<group>";
		};
		ED3650211D7AFA8800A6383B /* Z80 Core */ = {
			isa = PBXGroup;
			children = (
				ED3650291D7AFAE400A6383B /* Z80Core.h */,
				ED36502A1D7AFAE400A6383B /* Z80Core.cpp */,
				ED36502B1D7AFAE400A6383B /* Z80CoreOpcodeTables.h */,
				ED36502C1D7AFAE400A6383B /* Z80Core_MainOpcodes.h */,
				ED36502D1D7AFAE400A6383B /* Z80Core_MainOpcodes.cpp */,
				ED36502E1D7AFAE400A6383B /* Z80Core_CBOpcodes.h */,
				ED36502F1D7AFAE400A6383B /* Z80Core_CBOpcodes.cpp */,
				ED3650301D7AFAE400A6383B /* Z80Core_EDOpcodes.h */,
				ED3650311D7AFAE400A6383B /* Z80Core_EDOpcodes.cpp */,
				ED3650321D7AFAE400A6383B /* Z80Core_DDOpcodes.h */,
				ED3650331D7AFAE400A6383B /* Z80Core_DDOpcodes.cpp */,
				ED3650341D7AFAE400A6383B /* Z80Core_FDOpcodes.h */,
				ED3650351D7AFAE400A6383B /* Z80Core_FDOpcodes.cpp */,
				ED3650361D7AFAE400A6383B /* Z80Core_DDCB_FDCBOpcodes.h */,
				ED3650371D7AFAE400A6383B /* Z80Core_DDCB_FDCBOpcodes.cpp */,
			);
			name = "Z80 Core";
			sourceTree = "<group>";
		};
		ED3650221D7AFA9400A6383B /* Assets */ = {
			isa = PBXGroup;
			children = (
				ED3650151D7AFA6D00A6383B /* Assets.xcassets */,
			);
			name = Assets;
			sourceTree = "<group>";
		};
		ED3650231D7AFA9F00A6383B /* UI */ = {
			isa = PBXGroup;
			children = (
				ED5A32C31D90652100BD2327 /* MainMenu.xib */,
			);
			name = UI;
			sourceTree = "<group>";
		};
		ED3650241D7AFAA500A6383B /* View Controllers */ = {
			isa = PBXGroup;
			children = (
				ED3650421D7AFB4000A6383B /* ViewEventProtocol.h */,
				ED3650431D7AFB6B00A6383B /* EmulationViewController.h */,
				ED3650441D7AFB6B00A6383B /* EmulationViewController.m */,
				ED3650451D7AFB6B00A6383B /* EmulationViewController.xib */,
			);
			name = "View Controllers";
			sourceTree = "<group>";
		};
		ED3650251D7AFAB200A6383B /* App Delegate */ = {
			isa = PBXGroup;
			children = (
				ED36500F1D7AFA6D00A6383B /* AppDelegate.h */,
				ED3650101D7AFA6D00A6383B /* AppDelegate.m */,
			);
			name = "App Delegate";
			sourceTree = "<group>";
		};
		ED3650261D7AFAC000A6383B /* Machines */ = {
			isa = PBXGroup;
			children = (
				ED438AF81D9146440027B295 /* KeyboardMatrix.h */,
				ED36503F1D7AFAF000A6383B /* ZXSpectrum48.h */,
				ED3650401D7AFAF000A6383B /* ZXSpectrum48.mm */,
			);
			name = Machines;
			sourceTree = "<group>";
		};
		ED36504A1D7B21B100A6383B /* EmuApplication */ = {
			isa = PBXGroup;
			children = (
				ED36504B1D7B21C900A6383B /* EmuApplication.h */,
				ED36504C1D7B21C900A6383B /* EmuApplication.m */,
			);
			name = EmuApplication;
			sourceTree = "<group>";
		};
		ED36504E1D7B2BE900A6383B /* Audio Core */ = {
			isa = PBXGroup;
			children = (
				ED36504F1D7B2C0700A6383B /* AudioCore.h */,
				ED3650501D7B2C0700A6383B /* AudioCore.m */,
				ED3801511D8ADE4600C9E78B /* AudioQueue.h */,
				ED3801521D8ADE4600C9E78B /* AudioQueue.m */,
			);
			name = "Audio Core";
			sourceTree = "<group>";
		};
		EDE6EA401DA119DF00F4AD64 /* Entitlements */ = {
			isa = PBXGroup;
			children = (
				ED740B751D9BAA5E0016DFF4 /* ZXRetroEmulator.entitlements */,
			);
			name = Entitlements;
			sourceTree = "<group>";
		};
		EDE6EA411DA119FD00F4AD64 /* Frameworks */ = {
			isa = PBXGroup;
			children = (
				ED3650481D7B116E00A6383B /* QuartzCore.framework */,
			);
			name = Frameworks;
			sourceTree = "<group>";
		};
/* End PBXGroup section */

/* Begin PBXNativeTarget section */
		ED36500B1D7AFA6D00A6383B /* SpectREM */ = {
			isa = PBXNativeTarget;
			buildConfigurationList = ED36501D1D7AFA6D00A6383B /* Build configuration list for PBXNativeTarget "SpectREM" */;
			buildPhases = (
				ED3650081D7AFA6D00A6383B /* Sources */,
				ED3650091D7AFA6D00A6383B /* Frameworks */,
				ED36500A1D7AFA6D00A6383B /* Resources */,
			);
			buildRules = (
			);
			dependencies = (
			);
			name = SpectREM;
			productName = ZXRetroEmulator;
			productReference = ED36500C1D7AFA6D00A6383B /* SpectREM.app */;
			productType = "com.apple.product-type.application";
		};
/* End PBXNativeTarget section */

/* Begin PBXProject section */
		ED3650041D7AFA6D00A6383B /* Project object */ = {
			isa = PBXProject;
			attributes = {
				LastUpgradeCheck = 0800;
				ORGANIZATIONNAME = "71Squared Ltd";
				TargetAttributes = {
					ED36500B1D7AFA6D00A6383B = {
						CreatedOnToolsVersion = 7.3.1;
						DevelopmentTeam = 3535P3U7VR;
						ProvisioningStyle = Automatic;
						SystemCapabilities = {
							com.apple.Sandbox = {
								enabled = 1;
							};
						};
					};
				};
			};
			buildConfigurationList = ED3650071D7AFA6D00A6383B /* Build configuration list for PBXProject "SpectREM" */;
			compatibilityVersion = "Xcode 3.2";
			developmentRegion = English;
			hasScannedForEncodings = 0;
			knownRegions = (
				en,
				Base,
			);
			mainGroup = ED3650031D7AFA6D00A6383B;
			productRefGroup = ED36500D1D7AFA6D00A6383B /* Products */;
			projectDirPath = "";
			projectRoot = "";
			targets = (
				ED36500B1D7AFA6D00A6383B /* SpectREM */,
			);
		};
/* End PBXProject section */

/* Begin PBXResourcesBuildPhase section */
		ED36500A1D7AFA6D00A6383B /* Resources */ = {
			isa = PBXResourcesBuildPhase;
			buildActionMask = 2147483647;
			files = (
				ED3650161D7AFA6D00A6383B /* Assets.xcassets in Resources */,
				EDAD7B4E1D9D86EF00C04D7A /* shock.sna in Resources */,
				ED740B741D9AD13A0016DFF4 /* ZXSpectrum48k.rom in Resources */,
				ED5A32C51D90652100BD2327 /* MainMenu.xib in Resources */,
				EDAA47171D941E1300F3CE0D /* test1.sna in Resources */,
				ED3650471D7AFB6B00A6383B /* EmulationViewController.xib in Resources */,
				ED3650281D7AFADA00A6383B /* 48.rom in Resources */,
				ED5A32C21D903DDD00BD2327 /* beep.sna in Resources */,
				ED740B721D9A84440016DFF4 /* ulatest48k.sna in Resources */,
			);
			runOnlyForDeploymentPostprocessing = 0;
		};
/* End PBXResourcesBuildPhase section */

/* Begin PBXSourcesBuildPhase section */
		ED3650081D7AFA6D00A6383B /* Sources */ = {
			isa = PBXSourcesBuildPhase;
			buildActionMask = 2147483647;
			files = (
				ED3650411D7AFAF000A6383B /* ZXSpectrum48.mm in Sources */,
				ED36503C1D7AFAE400A6383B /* Z80Core_DDOpcodes.cpp in Sources */,
				ED36504D1D7B21C900A6383B /* EmuApplication.m in Sources */,
				ED3650391D7AFAE400A6383B /* Z80Core_MainOpcodes.cpp in Sources */,
				ED3801531D8ADE4600C9E78B /* AudioQueue.m in Sources */,
				ED36503A1D7AFAE400A6383B /* Z80Core_CBOpcodes.cpp in Sources */,
				ED3650141D7AFA6D00A6383B /* main.m in Sources */,
				ED36503E1D7AFAE400A6383B /* Z80Core_DDCB_FDCBOpcodes.cpp in Sources */,
				ED3650381D7AFAE400A6383B /* Z80Core.cpp in Sources */,
				ED36503B1D7AFAE400A6383B /* Z80Core_EDOpcodes.cpp in Sources */,
				ED3650111D7AFA6D00A6383B /* AppDelegate.m in Sources */,
				ED3650461D7AFB6B00A6383B /* EmulationViewController.m in Sources */,
				ED3650511D7B2C0700A6383B /* AudioCore.m in Sources */,
				ED36503D1D7AFAE400A6383B /* Z80Core_FDOpcodes.cpp in Sources */,
			);
			runOnlyForDeploymentPostprocessing = 0;
		};
/* End PBXSourcesBuildPhase section */

/* Begin PBXVariantGroup section */
		ED5A32C31D90652100BD2327 /* MainMenu.xib */ = {
			isa = PBXVariantGroup;
			children = (
				ED5A32C41D90652100BD2327 /* Base */,
			);
			name = MainMenu.xib;
			sourceTree = "<group>";
		};
/* End PBXVariantGroup section */

/* Begin XCBuildConfiguration section */
		ED36501B1D7AFA6D00A6383B /* Debug */ = {
			isa = XCBuildConfiguration;
			buildSettings = {
				ALWAYS_SEARCH_USER_PATHS = NO;
				CLANG_ANALYZER_NONNULL = YES;
				CLANG_CXX_LANGUAGE_STANDARD = "gnu++0x";
				CLANG_CXX_LIBRARY = "libc++";
				CLANG_ENABLE_MODULES = YES;
				CLANG_ENABLE_OBJC_ARC = YES;
				CLANG_WARN_BOOL_CONVERSION = YES;
				CLANG_WARN_CONSTANT_CONVERSION = YES;
				CLANG_WARN_DIRECT_OBJC_ISA_USAGE = YES_ERROR;
				CLANG_WARN_EMPTY_BODY = YES;
				CLANG_WARN_ENUM_CONVERSION = YES;
				CLANG_WARN_INFINITE_RECURSION = YES;
				CLANG_WARN_INT_CONVERSION = YES;
				CLANG_WARN_OBJC_ROOT_CLASS = YES_ERROR;
				CLANG_WARN_SUSPICIOUS_MOVE = YES;
				CLANG_WARN_UNREACHABLE_CODE = YES;
				CLANG_WARN__DUPLICATE_METHOD_MATCH = YES;
				CODE_SIGN_IDENTITY = "-";
				COPY_PHASE_STRIP = NO;
				DEBUG_INFORMATION_FORMAT = dwarf;
				ENABLE_STRICT_OBJC_MSGSEND = YES;
				ENABLE_TESTABILITY = YES;
				GCC_C_LANGUAGE_STANDARD = gnu99;
				GCC_DYNAMIC_NO_PIC = NO;
				GCC_NO_COMMON_BLOCKS = YES;
				GCC_OPTIMIZATION_LEVEL = 0;
				GCC_PREPROCESSOR_DEFINITIONS = (
					"DEBUG=1",
					"$(inherited)",
				);
				GCC_WARN_64_TO_32_BIT_CONVERSION = YES;
				GCC_WARN_ABOUT_RETURN_TYPE = YES_ERROR;
				GCC_WARN_UNDECLARED_SELECTOR = YES;
				GCC_WARN_UNINITIALIZED_AUTOS = YES_AGGRESSIVE;
				GCC_WARN_UNUSED_FUNCTION = YES;
				GCC_WARN_UNUSED_VARIABLE = YES;
				MACOSX_DEPLOYMENT_TARGET = 10.11;
				MTL_ENABLE_DEBUG_INFO = YES;
				ONLY_ACTIVE_ARCH = YES;
				SDKROOT = macosx;
			};
			name = Debug;
		};
		ED36501C1D7AFA6D00A6383B /* Release */ = {
			isa = XCBuildConfiguration;
			buildSettings = {
				ALWAYS_SEARCH_USER_PATHS = NO;
				CLANG_ANALYZER_NONNULL = YES;
				CLANG_CXX_LANGUAGE_STANDARD = "gnu++0x";
				CLANG_CXX_LIBRARY = "libc++";
				CLANG_ENABLE_MODULES = YES;
				CLANG_ENABLE_OBJC_ARC = YES;
				CLANG_WARN_BOOL_CONVERSION = YES;
				CLANG_WARN_CONSTANT_CONVERSION = YES;
				CLANG_WARN_DIRECT_OBJC_ISA_USAGE = YES_ERROR;
				CLANG_WARN_EMPTY_BODY = YES;
				CLANG_WARN_ENUM_CONVERSION = YES;
				CLANG_WARN_INFINITE_RECURSION = YES;
				CLANG_WARN_INT_CONVERSION = YES;
				CLANG_WARN_OBJC_ROOT_CLASS = YES_ERROR;
				CLANG_WARN_SUSPICIOUS_MOVE = YES;
				CLANG_WARN_UNREACHABLE_CODE = YES;
				CLANG_WARN__DUPLICATE_METHOD_MATCH = YES;
				CODE_SIGN_IDENTITY = "-";
				COPY_PHASE_STRIP = NO;
				DEBUG_INFORMATION_FORMAT = "dwarf-with-dsym";
				ENABLE_NS_ASSERTIONS = NO;
				ENABLE_STRICT_OBJC_MSGSEND = YES;
				GCC_C_LANGUAGE_STANDARD = gnu99;
				GCC_NO_COMMON_BLOCKS = YES;
				GCC_WARN_64_TO_32_BIT_CONVERSION = YES;
				GCC_WARN_ABOUT_RETURN_TYPE = YES_ERROR;
				GCC_WARN_UNDECLARED_SELECTOR = YES;
				GCC_WARN_UNINITIALIZED_AUTOS = YES_AGGRESSIVE;
				GCC_WARN_UNUSED_FUNCTION = YES;
				GCC_WARN_UNUSED_VARIABLE = YES;
				MACOSX_DEPLOYMENT_TARGET = 10.11;
				MTL_ENABLE_DEBUG_INFO = NO;
				SDKROOT = macosx;
			};
			name = Release;
		};
		ED36501E1D7AFA6D00A6383B /* Debug */ = {
			isa = XCBuildConfiguration;
			buildSettings = {
				ASSETCATALOG_COMPILER_APPICON_NAME = AppIcon;
				CODE_SIGN_ENTITLEMENTS = ZXRetroEmulator/ZXRetroEmulator.entitlements;
				CODE_SIGN_IDENTITY = "Mac Developer";
				COMBINE_HIDPI_IMAGES = YES;
				DEVELOPMENT_TEAM = 3535P3U7VR;
				INFOPLIST_FILE = ZXRetroEmulator/Info.plist;
				LD_RUNPATH_SEARCH_PATHS = "$(inherited) @executable_path/../Frameworks";
				PRODUCT_BUNDLE_IDENTIFIER = com.71squared.SpectREM;
				PRODUCT_NAME = "$(TARGET_NAME)";
			};
			name = Debug;
		};
		ED36501F1D7AFA6D00A6383B /* Release */ = {
			isa = XCBuildConfiguration;
			buildSettings = {
				ASSETCATALOG_COMPILER_APPICON_NAME = AppIcon;
				CODE_SIGN_ENTITLEMENTS = ZXRetroEmulator/ZXRetroEmulator.entitlements;
				CODE_SIGN_IDENTITY = "Mac Developer";
				COMBINE_HIDPI_IMAGES = YES;
				DEVELOPMENT_TEAM = 3535P3U7VR;
				INFOPLIST_FILE = ZXRetroEmulator/Info.plist;
				LD_RUNPATH_SEARCH_PATHS = "$(inherited) @executable_path/../Frameworks";
				PRODUCT_BUNDLE_IDENTIFIER = com.71squared.SpectREM;
				PRODUCT_NAME = "$(TARGET_NAME)";
			};
			name = Release;
		};
/* End XCBuildConfiguration section */

/* Begin XCConfigurationList section */
		ED3650071D7AFA6D00A6383B /* Build configuration list for PBXProject "SpectREM" */ = {
			isa = XCConfigurationList;
			buildConfigurations = (
				ED36501B1D7AFA6D00A6383B /* Debug */,
				ED36501C1D7AFA6D00A6383B /* Release */,
			);
			defaultConfigurationIsVisible = 0;
			defaultConfigurationName = Release;
		};
		ED36501D1D7AFA6D00A6383B /* Build configuration list for PBXNativeTarget "SpectREM" */ = {
			isa = XCConfigurationList;
			buildConfigurations = (
				ED36501E1D7AFA6D00A6383B /* Debug */,
				ED36501F1D7AFA6D00A6383B /* Release */,
			);
			defaultConfigurationIsVisible = 0;
			defaultConfigurationName = Release;
		};
/* End XCConfigurationList section */
	};
	rootObject = ED3650041D7AFA6D00A6383B /* Project object */;
}
